// !$*UTF8*$!
{
	archiveVersion = 1;
	classes = {
	};
	objectVersion = 55;
	objects = {

/* Begin PBXBuildFile section */
		212010D6272047F9006B1B2B /* AppDelegate.swift in Sources */ = {isa = PBXBuildFile; fileRef = 212010D5272047F9006B1B2B /* AppDelegate.swift */; };
		212010DA272047F9006B1B2B /* TodoListViewController.swift in Sources */ = {isa = PBXBuildFile; fileRef = 212010D9272047F9006B1B2B /* TodoListViewController.swift */; };
		212010DD272047F9006B1B2B /* Main.storyboard in Resources */ = {isa = PBXBuildFile; fileRef = 212010DB272047F9006B1B2B /* Main.storyboard */; };
		212010DF272047FB006B1B2B /* Assets.xcassets in Resources */ = {isa = PBXBuildFile; fileRef = 212010DE272047FB006B1B2B /* Assets.xcassets */; };
		212010E2272047FB006B1B2B /* LaunchScreen.storyboard in Resources */ = {isa = PBXBuildFile; fileRef = 212010E0272047FB006B1B2B /* LaunchScreen.storyboard */; };
		212010ED2720522C006B1B2B /* TodoListPresenter.swift in Sources */ = {isa = PBXBuildFile; fileRef = 212010EC2720522C006B1B2B /* TodoListPresenter.swift */; };
		212010EF2720534A006B1B2B /* TodoModel.swift in Sources */ = {isa = PBXBuildFile; fileRef = 212010EE2720534A006B1B2B /* TodoModel.swift */; };
/* End PBXBuildFile section */

/* Begin PBXFileReference section */
		212010D2272047F9006B1B2B /* MVPSampleTodoList.app */ = {isa = PBXFileReference; explicitFileType = wrapper.application; includeInIndex = 0; path = MVPSampleTodoList.app; sourceTree = BUILT_PRODUCTS_DIR; };
		212010D5272047F9006B1B2B /* AppDelegate.swift */ = {isa = PBXFileReference; lastKnownFileType = sourcecode.swift; path = AppDelegate.swift; sourceTree = "<group>"; };
		212010D9272047F9006B1B2B /* TodoListViewController.swift */ = {isa = PBXFileReference; lastKnownFileType = sourcecode.swift; path = TodoListViewController.swift; sourceTree = "<group>"; };
		212010DC272047F9006B1B2B /* Base */ = {isa = PBXFileReference; lastKnownFileType = file.storyboard; name = Base; path = Base.lproj/Main.storyboard; sourceTree = "<group>"; };
		212010DE272047FB006B1B2B /* Assets.xcassets */ = {isa = PBXFileReference; lastKnownFileType = folder.assetcatalog; path = Assets.xcassets; sourceTree = "<group>"; };
		212010E1272047FB006B1B2B /* Base */ = {isa = PBXFileReference; lastKnownFileType = file.storyboard; name = Base; path = Base.lproj/LaunchScreen.storyboard; sourceTree = "<group>"; };
		212010E3272047FB006B1B2B /* Info.plist */ = {isa = PBXFileReference; lastKnownFileType = text.plist.xml; path = Info.plist; sourceTree = "<group>"; };
		212010EC2720522C006B1B2B /* TodoListPresenter.swift */ = {isa = PBXFileReference; lastKnownFileType = sourcecode.swift; path = TodoListPresenter.swift; sourceTree = "<group>"; };
		212010EE2720534A006B1B2B /* TodoModel.swift */ = {isa = PBXFileReference; lastKnownFileType = sourcecode.swift; path = TodoModel.swift; sourceTree = "<group>"; };
/* End PBXFileReference section */

/* Begin PBXFrameworksBuildPhase section */
		212010CF272047F9006B1B2B /* Frameworks */ = {
			isa = PBXFrameworksBuildPhase;
			buildActionMask = 2147483647;
			files = (
			);
			runOnlyForDeploymentPostprocessing = 0;
		};
/* End PBXFrameworksBuildPhase section */

/* Begin PBXGroup section */
		212010C9272047F9006B1B2B = {
			isa = PBXGroup;
			children = (
				212010D4272047F9006B1B2B /* MVPSampleTodoList */,
				212010D3272047F9006B1B2B /* Products */,
			);
			sourceTree = "<group>";
		};
		212010D3272047F9006B1B2B /* Products */ = {
			isa = PBXGroup;
			children = (
				212010D2272047F9006B1B2B /* MVPSampleTodoList.app */,
			);
			name = Products;
			sourceTree = "<group>";
		};
		212010D4272047F9006B1B2B /* MVPSampleTodoList */ = {
			isa = PBXGroup;
			children = (
				212010EB2720481C006B1B2B /* Presenter */,
				212010EA27204813006B1B2B /* View */,
				212010E927204803006B1B2B /* Model */,
				212010D5272047F9006B1B2B /* AppDelegate.swift */,
				212010DB272047F9006B1B2B /* Main.storyboard */,
				212010DE272047FB006B1B2B /* Assets.xcassets */,
				212010E0272047FB006B1B2B /* LaunchScreen.storyboard */,
				212010E3272047FB006B1B2B /* Info.plist */,
			);
			path = MVPSampleTodoList;
			sourceTree = "<group>";
		};
		212010E927204803006B1B2B /* Model */ = {
			isa = PBXGroup;
			children = (
				212010EE2720534A006B1B2B /* TodoModel.swift */,
			);
			path = Model;
			sourceTree = "<group>";
		};
		212010EA27204813006B1B2B /* View */ = {
			isa = PBXGroup;
			children = (
				212010D9272047F9006B1B2B /* TodoListViewController.swift */,
			);
			path = View;
			sourceTree = "<group>";
		};
		212010EB2720481C006B1B2B /* Presenter */ = {
			isa = PBXGroup;
			children = (
				212010EC2720522C006B1B2B /* TodoListPresenter.swift */,
			);
			path = Presenter;
			sourceTree = "<group>";
		};
/* End PBXGroup section */

/* Begin PBXNativeTarget section */
		212010D1272047F9006B1B2B /* MVPSampleTodoList */ = {
			isa = PBXNativeTarget;
			buildConfigurationList = 212010E6272047FB006B1B2B /* Build configuration list for PBXNativeTarget "MVPSampleTodoList" */;
			buildPhases = (
				212010CE272047F9006B1B2B /* Sources */,
				212010CF272047F9006B1B2B /* Frameworks */,
				212010D0272047F9006B1B2B /* Resources */,
			);
			buildRules = (
			);
			dependencies = (
			);
			name = MVPSampleTodoList;
			productName = MVPSampleTodoList;
			productReference = 212010D2272047F9006B1B2B /* MVPSampleTodoList.app */;
			productType = "com.apple.product-type.application";
		};
/* End PBXNativeTarget section */

/* Begin PBXProject section */
		212010CA272047F9006B1B2B /* Project object */ = {
			isa = PBXProject;
			attributes = {
				BuildIndependentTargetsInParallel = 1;
				LastSwiftUpdateCheck = 1300;
				LastUpgradeCheck = 1300;
				TargetAttributes = {
					212010D1272047F9006B1B2B = {
						CreatedOnToolsVersion = 13.0;
					};
				};
			};
			buildConfigurationList = 212010CD272047F9006B1B2B /* Build configuration list for PBXProject "MVPSampleTodoList" */;
			compatibilityVersion = "Xcode 13.0";
			developmentRegion = en;
			hasScannedForEncodings = 0;
			knownRegions = (
				en,
				Base,
			);
			mainGroup = 212010C9272047F9006B1B2B;
			productRefGroup = 212010D3272047F9006B1B2B /* Products */;
			projectDirPath = "";
			projectRoot = "";
			targets = (
				212010D1272047F9006B1B2B /* MVPSampleTodoList */,
			);
		};
/* End PBXProject section */

/* Begin PBXResourcesBuildPhase section */
		212010D0272047F9006B1B2B /* Resources */ = {
			isa = PBXResourcesBuildPhase;
			buildActionMask = 2147483647;
			files = (
				212010E2272047FB006B1B2B /* LaunchScreen.storyboard in Resources */,
				212010DF272047FB006B1B2B /* Assets.xcassets in Resources */,
				212010DD272047F9006B1B2B /* Main.storyboard in Resources */,
			);
			runOnlyForDeploymentPostprocessing = 0;
		};
/* End PBXResourcesBuildPhase section */

/* Begin PBXSourcesBuildPhase section */
		212010CE272047F9006B1B2B /* Sources */ = {
			isa = PBXSourcesBuildPhase;
			buildActionMask = 2147483647;
			files = (
				212010ED2720522C006B1B2B /* TodoListPresenter.swift in Sources */,
				212010DA272047F9006B1B2B /* TodoListViewController.swift in Sources */,
				212010D6272047F9006B1B2B /* AppDelegate.swift in Sources */,
				212010EF2720534A006B1B2B /* TodoModel.swift in Sources */,
			);
			runOnlyForDeploymentPostprocessing = 0;
		};
/* End PBXSourcesBuildPhase section */

/* Begin PBXVariantGroup section */
		212010DB272047F9006B1B2B /* Main.storyboard */ = {
			isa = PBXVariantGroup;
			children = (
				212010DC272047F9006B1B2B /* Base */,
			);
			name = Main.storyboard;
			sourceTree = "<group>";
		};
		212010E0272047FB006B1B2B /* LaunchScreen.storyboard */ = {
			isa = PBXVariantGroup;
			children = (
				212010E1272047FB006B1B2B /* Base */,
			);
			name = LaunchScreen.storyboard;
			sourceTree = "<group>";
		};
/* End PBXVariantGroup section */

/* Begin XCBuildConfiguration section */
		212010E4272047FB006B1B2B /* Debug */ = {
			isa = XCBuildConfiguration;
			buildSettings = {
				ALWAYS_SEARCH_USER_PATHS = NO;
				CLANG_ANALYZER_NONNULL = YES;
				CLANG_ANALYZER_NUMBER_OBJECT_CONVERSION = YES_AGGRESSIVE;
				CLANG_CXX_LANGUAGE_STANDARD = "gnu++17";
				CLANG_CXX_LIBRARY = "libc++";
				CLANG_ENABLE_MODULES = YES;
				CLANG_ENABLE_OBJC_ARC = YES;
				CLANG_ENABLE_OBJC_WEAK = YES;
				CLANG_WARN_BLOCK_CAPTURE_AUTORELEASING = YES;
				CLANG_WARN_BOOL_CONVERSION = YES;
				CLANG_WARN_COMMA = YES;
				CLANG_WARN_CONSTANT_CONVERSION = YES;
				CLANG_WARN_DEPRECATED_OBJC_IMPLEMENTATIONS = YES;
				CLANG_WARN_DIRECT_OBJC_ISA_USAGE = YES_ERROR;
				CLANG_WARN_DOCUMENTATION_COMMENTS = YES;
				CLANG_WARN_EMPTY_BODY = YES;
				CLANG_WARN_ENUM_CONVERSION = YES;
				CLANG_WARN_INFINITE_RECURSION = YES;
				CLANG_WARN_INT_CONVERSION = YES;
				CLANG_WARN_NON_LITERAL_NULL_CONVERSION = YES;
				CLANG_WARN_OBJC_IMPLICIT_RETAIN_SELF = YES;
				CLANG_WARN_OBJC_LITERAL_CONVERSION = YES;
				CLANG_WARN_OBJC_ROOT_CLASS = YES_ERROR;
				CLANG_WARN_QUOTED_INCLUDE_IN_FRAMEWORK_HEADER = YES;
				CLANG_WARN_RANGE_LOOP_ANALYSIS = YES;
				CLANG_WARN_STRICT_PROTOTYPES = YES;
				CLANG_WARN_SUSPICIOUS_MOVE = YES;
				CLANG_WARN_UNGUARDED_AVAILABILITY = YES_AGGRESSIVE;
				CLANG_WARN_UNREACHABLE_CODE = YES;
				CLANG_WARN__DUPLICATE_METHOD_MATCH = YES;
				COPY_PHASE_STRIP = NO;
				DEBUG_INFORMATION_FORMAT = dwarf;
				ENABLE_STRICT_OBJC_MSGSEND = YES;
				ENABLE_TESTABILITY = YES;
				GCC_C_LANGUAGE_STANDARD = gnu11;
				GCC_DYNAMIC_NO_PIC = NO;
				GCC_NO_COMMON_BLOCKS = YES;
				GCC_OPTIMIZATION_LEVEL = 0;
				GCC_PREPROCESSOR_DEFINITIONS = (
					"DEBUG=1",
					"$(inherited)",
				);
				GCC_WARN_64_TO_32_BIT_CONVERSION = YES;
				GCC_WARN_ABOUT_RETURN_TYPE = YES_ERROR;
				GCC_WARN_UNDECLARED_SELECTOR = YES;
				GCC_WARN_UNINITIALIZED_AUTOS = YES_AGGRESSIVE;
				GCC_WARN_UNUSED_FUNCTION = YES;
				GCC_WARN_UNUSED_VARIABLE = YES;
				IPHONEOS_DEPLOYMENT_TARGET = 15.0;
				MTL_ENABLE_DEBUG_INFO = INCLUDE_SOURCE;
				MTL_FAST_MATH = YES;
				ONLY_ACTIVE_ARCH = YES;
				SDKROOT = iphoneos;
				SWIFT_ACTIVE_COMPILATION_CONDITIONS = DEBUG;
				SWIFT_OPTIMIZATION_LEVEL = "-Onone";
			};
			name = Debug;
		};
		212010E5272047FB006B1B2B /* Release */ = {
			isa = XCBuildConfiguration;
			buildSettings = {
				ALWAYS_SEARCH_USER_PATHS = NO;
				CLANG_ANALYZER_NONNULL = YES;
				CLANG_ANALYZER_NUMBER_OBJECT_CONVERSION = YES_AGGRESSIVE;
				CLANG_CXX_LANGUAGE_STANDARD = "gnu++17";
				CLANG_CXX_LIBRARY = "libc++";
				CLANG_ENABLE_MODULES = YES;
				CLANG_ENABLE_OBJC_ARC = YES;
				CLANG_ENABLE_OBJC_WEAK = YES;
				CLANG_WARN_BLOCK_CAPTURE_AUTORELEASING = YES;
				CLANG_WARN_BOOL_CONVERSION = YES;
				CLANG_WARN_COMMA = YES;
				CLANG_WARN_CONSTANT_CONVERSION = YES;
				CLANG_WARN_DEPRECATED_OBJC_IMPLEMENTATIONS = YES;
				CLANG_WARN_DIRECT_OBJC_ISA_USAGE = YES_ERROR;
				CLANG_WARN_DOCUMENTATION_COMMENTS = YES;
				CLANG_WARN_EMPTY_BODY = YES;
				CLANG_WARN_ENUM_CONVERSION = YES;
				CLANG_WARN_INFINITE_RECURSION = YES;
				CLANG_WARN_INT_CONVERSION = YES;
				CLANG_WARN_NON_LITERAL_NULL_CONVERSION = YES;
				CLANG_WARN_OBJC_IMPLICIT_RETAIN_SELF = YES;
				CLANG_WARN_OBJC_LITERAL_CONVERSION = YES;
				CLANG_WARN_OBJC_ROOT_CLASS = YES_ERROR;
				CLANG_WARN_QUOTED_INCLUDE_IN_FRAMEWORK_HEADER = YES;
				CLANG_WARN_RANGE_LOOP_ANALYSIS = YES;
				CLANG_WARN_STRICT_PROTOTYPES = YES;
				CLANG_WARN_SUSPICIOUS_MOVE = YES;
				CLANG_WARN_UNGUARDED_AVAILABILITY = YES_AGGRESSIVE;
				CLANG_WARN_UNREACHABLE_CODE = YES;
				CLANG_WARN__DUPLICATE_METHOD_MATCH = YES;
				COPY_PHASE_STRIP = NO;
				DEBUG_INFORMATION_FORMAT = "dwarf-with-dsym";
				ENABLE_NS_ASSERTIONS = NO;
				ENABLE_STRICT_OBJC_MSGSEND = YES;
				GCC_C_LANGUAGE_STANDARD = gnu11;
				GCC_NO_COMMON_BLOCKS = YES;
				GCC_WARN_64_TO_32_BIT_CONVERSION = YES;
				GCC_WARN_ABOUT_RETURN_TYPE = YES_ERROR;
				GCC_WARN_UNDECLARED_SELECTOR = YES;
				GCC_WARN_UNINITIALIZED_AUTOS = YES_AGGRESSIVE;
				GCC_WARN_UNUSED_FUNCTION = YES;
				GCC_WARN_UNUSED_VARIABLE = YES;
				IPHONEOS_DEPLOYMENT_TARGET = 15.0;
				MTL_ENABLE_DEBUG_INFO = NO;
				MTL_FAST_MATH = YES;
				SDKROOT = iphoneos;
				SWIFT_COMPILATION_MODE = wholemodule;
				SWIFT_OPTIMIZATION_LEVEL = "-O";
				VALIDATE_PRODUCT = YES;
			};
			name = Release;
		};
		212010E7272047FB006B1B2B /* Debug */ = {
			isa = XCBuildConfiguration;
			buildSettings = {
				ASSETCATALOG_COMPILER_APPICON_NAME = AppIcon;
				ASSETCATALOG_COMPILER_GLOBAL_ACCENT_COLOR_NAME = AccentColor;
				CODE_SIGN_STYLE = Automatic;
				CURRENT_PROJECT_VERSION = 1;
				DEVELOPMENT_TEAM = L4GDD2P9QK;
				GENERATE_INFOPLIST_FILE = YES;
				INFOPLIST_FILE = MVPSampleTodoList/Info.plist;
				INFOPLIST_KEY_UIApplicationSupportsIndirectInputEvents = YES;
				INFOPLIST_KEY_UILaunchStoryboardName = LaunchScreen;
				INFOPLIST_KEY_UIMainStoryboardFile = Main;
				INFOPLIST_KEY_UISupportedInterfaceOrientations_iPad = "UIInterfaceOrientationPortrait UIInterfaceOrientationPortraitUpsideDown UIInterfaceOrientationLandscapeLeft UIInterfaceOrientationLandscapeRight";
				INFOPLIST_KEY_UISupportedInterfaceOrientations_iPhone = "UIInterfaceOrientationPortrait UIInterfaceOrientationLandscapeLeft UIInterfaceOrientationLandscapeRight";
				LD_RUNPATH_SEARCH_PATHS = (
					"$(inherited)",
					"@executable_path/Frameworks",
				);
				MARKETING_VERSION = 1.0;
				PRODUCT_BUNDLE_IDENTIFIER = com.liquorwell36.MVPSampleTodoList;
				PRODUCT_NAME = "$(TARGET_NAME)";
				SWIFT_EMIT_LOC_STRINGS = YES;
				SWIFT_VERSION = 5.0;
				TARGETED_DEVICE_FAMILY = "1,2";
			};
			name = Debug;
		};
		212010E8272047FB006B1B2B /* Release */ = {
			isa = XCBuildConfiguration;
			buildSettings = {
				ASSETCATALOG_COMPILER_APPICON_NAME = AppIcon;
				ASSETCATALOG_COMPILER_GLOBAL_ACCENT_COLOR_NAME = AccentColor;
				CODE_SIGN_STYLE = Automatic;
				CURRENT_PROJECT_VERSION = 1;
				DEVELOPMENT_TEAM = L4GDD2P9QK;
				GENERATE_INFOPLIST_FILE = YES;
				INFOPLIST_FILE = MVPSampleTodoList/Info.plist;
				INFOPLIST_KEY_UIApplicationSupportsIndirectInputEvents = YES;
				INFOPLIST_KEY_UILaunchStoryboardName = LaunchScreen;
				INFOPLIST_KEY_UIMainStoryboardFile = Main;
				INFOPLIST_KEY_UISupportedInterfaceOrientations_iPad = "UIInterfaceOrientationPortrait UIInterfaceOrientationPortraitUpsideDown UIInterfaceOrientationLandscapeLeft UIInterfaceOrientationLandscapeRight";
				INFOPLIST_KEY_UISupportedInterfaceOrientations_iPhone = "UIInterfaceOrientationPortrait UIInterfaceOrientationLandscapeLeft UIInterfaceOrientationLandscapeRight";
				LD_RUNPATH_SEARCH_PATHS = (
					"$(inherited)",
					"@executable_path/Frameworks",
				);
				MARKETING_VERSION = 1.0;
				PRODUCT_BUNDLE_IDENTIFIER = com.liquorwell36.MVPSampleTodoList;
				PRODUCT_NAME = "$(TARGET_NAME)";
				SWIFT_EMIT_LOC_STRINGS = YES;
				SWIFT_VERSION = 5.0;
				TARGETED_DEVICE_FAMILY = "1,2";
			};
			name = Release;
		};
/* End XCBuildConfiguration section */

/* Begin XCConfigurationList section */
		212010CD272047F9006B1B2B /* Build configuration list for PBXProject "MVPSampleTodoList" */ = {
			isa = XCConfigurationList;
			buildConfigurations = (
				212010E4272047FB006B1B2B /* Debug */,
				212010E5272047FB006B1B2B /* Release */,
			);
			defaultConfigurationIsVisible = 0;
			defaultConfigurationName = Release;
		};
		212010E6272047FB006B1B2B /* Build configuration list for PBXNativeTarget "MVPSampleTodoList" */ = {
			isa = XCConfigurationList;
			buildConfigurations = (
				212010E7272047FB006B1B2B /* Debug */,
				212010E8272047FB006B1B2B /* Release */,
			);
			defaultConfigurationIsVisible = 0;
			defaultConfigurationName = Release;
		};
/* End XCConfigurationList section */
	};
	rootObject = 212010CA272047F9006B1B2B /* Project object */;
}
